// !$*UTF8*$!
{
	archiveVersion = 1;
	classes = {
	};
	objectVersion = 48;
	objects = {

/* Begin PBXBuildFile section */
		B90CE1C81F975D24006477EA /* Classes.swift in Sources */ = {isa = PBXBuildFile; fileRef = B90CE1C71F975D24006477EA /* Classes.swift */; };
		B90CE1CC1F990663006477EA /* Caracteristics.swift in Sources */ = {isa = PBXBuildFile; fileRef = B90CE1CB1F990663006477EA /* Caracteristics.swift */; };
		B9418A441F94AC90008737E3 /* main.swift in Sources */ = {isa = PBXBuildFile; fileRef = B9418A431F94AC90008737E3 /* main.swift */; };
		B9418A4B1F94AE04008737E3 /* Player.swift in Sources */ = {isa = PBXBuildFile; fileRef = B9418A4A1F94AE04008737E3 /* Player.swift */; };
		B9418A4D1F94AE97008737E3 /* Character.swift in Sources */ = {isa = PBXBuildFile; fileRef = B9418A4C1F94AE97008737E3 /* Character.swift */; };
		B9418A511F94AF3A008737E3 /* Weapons.swift in Sources */ = {isa = PBXBuildFile; fileRef = B9418A501F94AF3A008737E3 /* Weapons.swift */; };
		B9418A531F94EE3E008737E3 /* Game.swift in Sources */ = {isa = PBXBuildFile; fileRef = B9418A521F94EE3E008737E3 /* Game.swift */; };
/* End PBXBuildFile section */

/* Begin PBXCopyFilesBuildPhase section */
		B9418A3E1F94AC90008737E3 /* CopyFiles */ = {
			isa = PBXCopyFilesBuildPhase;
			buildActionMask = 2147483647;
			dstPath = /usr/share/man/man1/;
			dstSubfolderSpec = 0;
			files = (
			);
			runOnlyForDeploymentPostprocessing = 1;
		};
/* End PBXCopyFilesBuildPhase section */

/* Begin PBXFileReference section */
		B90CE1C71F975D24006477EA /* Classes.swift */ = {isa = PBXFileReference; lastKnownFileType = sourcecode.swift; path = Classes.swift; sourceTree = "<group>"; };
		B90CE1CB1F990663006477EA /* Caracteristics.swift */ = {isa = PBXFileReference; lastKnownFileType = sourcecode.swift; path = Caracteristics.swift; sourceTree = "<group>"; };
		B9418A401F94AC90008737E3 /* Fighter_game */ = {isa = PBXFileReference; explicitFileType = "compiled.mach-o.executable"; includeInIndex = 0; path = Fighter_game; sourceTree = BUILT_PRODUCTS_DIR; };
		B9418A431F94AC90008737E3 /* main.swift */ = {isa = PBXFileReference; lastKnownFileType = sourcecode.swift; path = main.swift; sourceTree = "<group>"; };
		B9418A4A1F94AE04008737E3 /* Player.swift */ = {isa = PBXFileReference; lastKnownFileType = sourcecode.swift; path = Player.swift; sourceTree = "<group>"; };
		B9418A4C1F94AE97008737E3 /* Character.swift */ = {isa = PBXFileReference; lastKnownFileType = sourcecode.swift; path = Character.swift; sourceTree = "<group>"; };
		B9418A501F94AF3A008737E3 /* Weapons.swift */ = {isa = PBXFileReference; lastKnownFileType = sourcecode.swift; path = Weapons.swift; sourceTree = "<group>"; };
		B9418A521F94EE3E008737E3 /* Game.swift */ = {isa = PBXFileReference; lastKnownFileType = sourcecode.swift; path = Game.swift; sourceTree = "<group>"; };
/* End PBXFileReference section */

/* Begin PBXFrameworksBuildPhase section */
		B9418A3D1F94AC90008737E3 /* Frameworks */ = {
			isa = PBXFrameworksBuildPhase;
			buildActionMask = 2147483647;
			files = (
			);
			runOnlyForDeploymentPostprocessing = 0;
		};
/* End PBXFrameworksBuildPhase section */

/* Begin PBXGroup section */
		B9418A371F94AC90008737E3 = {
			isa = PBXGroup;
			children = (
				B9418A421F94AC90008737E3 /* Fighter_game */,
				B9418A411F94AC90008737E3 /* Products */,
			);
			sourceTree = "<group>";
		};
		B9418A411F94AC90008737E3 /* Products */ = {
			isa = PBXGroup;
			children = (
				B9418A401F94AC90008737E3 /* Fighter_game */,
			);
			name = Products;
			sourceTree = "<group>";
		};
		B9418A421F94AC90008737E3 /* Fighter_game */ = {
			isa = PBXGroup;
			children = (
				B9418A431F94AC90008737E3 /* main.swift */,
				B9418A521F94EE3E008737E3 /* Game.swift */,
				B9418A4A1F94AE04008737E3 /* Player.swift */,
				B9418A4C1F94AE97008737E3 /* Character.swift */,
				B9418A501F94AF3A008737E3 /* Weapons.swift */,
				B90CE1C71F975D24006477EA /* Classes.swift */,
				B90CE1CB1F990663006477EA /* Caracteristics.swift */,
			);
			path = Fighter_game;
			sourceTree = "<group>";
		};
/* End PBXGroup section */

/* Begin PBXNativeTarget section */
		B9418A3F1F94AC90008737E3 /* Fighter_game */ = {
			isa = PBXNativeTarget;
			buildConfigurationList = B9418A471F94AC90008737E3 /* Build configuration list for PBXNativeTarget "Fighter_game" */;
			buildPhases = (
				B9418A3C1F94AC90008737E3 /* Sources */,
				B9418A3D1F94AC90008737E3 /* Frameworks */,
				B9418A3E1F94AC90008737E3 /* CopyFiles */,
			);
			buildRules = (
			);
			dependencies = (
			);
			name = Fighter_game;
			productName = Fighter_game;
			productReference = B9418A401F94AC90008737E3 /* Fighter_game */;
			productType = "com.apple.product-type.tool";
		};
/* End PBXNativeTarget section */

/* Begin PBXProject section */
		B9418A381F94AC90008737E3 /* Project object */ = {
			isa = PBXProject;
			attributes = {
				LastSwiftUpdateCheck = 0900;
				LastUpgradeCheck = 0900;
				ORGANIZATIONNAME = "Mathieu Janneau";
				TargetAttributes = {
					B9418A3F1F94AC90008737E3 = {
						CreatedOnToolsVersion = 9.0;
						ProvisioningStyle = Automatic;
					};
				};
			};
			buildConfigurationList = B9418A3B1F94AC90008737E3 /* Build configuration list for PBXProject "Fighter_game" */;
			compatibilityVersion = "Xcode 8.0";
			developmentRegion = en;
			hasScannedForEncodings = 0;
			knownRegions = (
				en,
			);
			mainGroup = B9418A371F94AC90008737E3;
			productRefGroup = B9418A411F94AC90008737E3 /* Products */;
			projectDirPath = "";
			projectRoot = "";
			targets = (
				B9418A3F1F94AC90008737E3 /* Fighter_game */,
			);
		};
/* End PBXProject section */

/* Begin PBXSourcesBuildPhase section */
		B9418A3C1F94AC90008737E3 /* Sources */ = {
			isa = PBXSourcesBuildPhase;
			buildActionMask = 2147483647;
			files = (
				B9418A511F94AF3A008737E3 /* Weapons.swift in Sources */,
				B9418A531F94EE3E008737E3 /* Game.swift in Sources */,
				B90CE1C81F975D24006477EA /* Classes.swift in Sources */,
				B9418A4D1F94AE97008737E3 /* Character.swift in Sources */,
				B9418A4B1F94AE04008737E3 /* Player.swift in Sources */,
				B9418A441F94AC90008737E3 /* main.swift in Sources */,
				B90CE1CC1F990663006477EA /* Caracteristics.swift in Sources */,
			);
			runOnlyForDeploymentPostprocessing = 0;
		};
/* End PBXSourcesBuildPhase section */

/* Begin XCBuildConfiguration section */
		B9418A451F94AC90008737E3 /* Debug */ = {
			isa = XCBuildConfiguration;
			buildSettings = {
				ALWAYS_SEARCH_USER_PATHS = NO;
				CLANG_ANALYZER_NONNULL = YES;
				CLANG_ANALYZER_NUMBER_OBJECT_CONVERSION = YES_AGGRESSIVE;
				CLANG_CXX_LANGUAGE_STANDARD = "gnu++14";
				CLANG_CXX_LIBRARY = "libc++";
				CLANG_ENABLE_MODULES = YES;
				CLANG_ENABLE_OBJC_ARC = YES;
				CLANG_WARN_BLOCK_CAPTURE_AUTORELEASING = YES;
				CLANG_WARN_BOOL_CONVERSION = YES;
				CLANG_WARN_COMMA = YES;
				CLANG_WARN_CONSTANT_CONVERSION = YES;
				CLANG_WARN_DIRECT_OBJC_ISA_USAGE = YES_ERROR;
				CLANG_WARN_DOCUMENTATION_COMMENTS = YES;
				CLANG_WARN_EMPTY_BODY = YES;
				CLANG_WARN_ENUM_CONVERSION = YES;
				CLANG_WARN_INFINITE_RECURSION = YES;
				CLANG_WARN_INT_CONVERSION = YES;
				CLANG_WARN_NON_LITERAL_NULL_CONVERSION = YES;
				CLANG_WARN_OBJC_LITERAL_CONVERSION = YES;
				CLANG_WARN_OBJC_ROOT_CLASS = YES_ERROR;
				CLANG_WARN_RANGE_LOOP_ANALYSIS = YES;
				CLANG_WARN_STRICT_PROTOTYPES = YES;
				CLANG_WARN_SUSPICIOUS_MOVE = YES;
				CLANG_WARN_UNGUARDED_AVAILABILITY = YES_AGGRESSIVE;
				CLANG_WARN_UNREACHABLE_CODE = YES;
				CLANG_WARN__DUPLICATE_METHOD_MATCH = YES;
				CODE_SIGN_IDENTITY = "Mac Developer";
				COPY_PHASE_STRIP = NO;
				DEBUG_INFORMATION_FORMAT = dwarf;
				ENABLE_STRICT_OBJC_MSGSEND = YES;
				ENABLE_TESTABILITY = YES;
				GCC_C_LANGUAGE_STANDARD = gnu11;
				GCC_DYNAMIC_NO_PIC = NO;
				GCC_NO_COMMON_BLOCKS = YES;
				GCC_OPTIMIZATION_LEVEL = 0;
				GCC_PREPROCESSOR_DEFINITIONS = (
					"DEBUG=1",
					"$(inherited)",
				);
				GCC_WARN_64_TO_32_BIT_CONVERSION = YES;
				GCC_WARN_ABOUT_RETURN_TYPE = YES_ERROR;
				GCC_WARN_UNDECLARED_SELECTOR = YES;
				GCC_WARN_UNINITIALIZED_AUTOS = YES_AGGRESSIVE;
				GCC_WARN_UNUSED_FUNCTION = YES;
				GCC_WARN_UNUSED_VARIABLE = YES;
				MACOSX_DEPLOYMENT_TARGET = 10.12;
				MTL_ENABLE_DEBUG_INFO = YES;
				ONLY_ACTIVE_ARCH = YES;
				SDKROOT = macosx;
				SWIFT_ACTIVE_COMPILATION_CONDITIONS = DEBUG;
				SWIFT_OPTIMIZATION_LEVEL = "-Onone";
			};
			name = Debug;
		};
		B9418A461F94AC90008737E3 /* Release */ = {
			isa = XCBuildConfiguration;
			buildSettings = {
				ALWAYS_SEARCH_USER_PATHS = NO;
				CLANG_ANALYZER_NONNULL = YES;
				CLANG_ANALYZER_NUMBER_OBJECT_CONVERSION = YES_AGGRESSIVE;
				CLANG_CXX_LANGUAGE_STANDARD = "gnu++14";
				CLANG_CXX_LIBRARY = "libc++";
				CLANG_ENABLE_MODULES = YES;
				CLANG_ENABLE_OBJC_ARC = YES;
				CLANG_WARN_BLOCK_CAPTURE_AUTORELEASING = YES;
				CLANG_WARN_BOOL_CONVERSION = YES;
				CLANG_WARN_COMMA = YES;
				CLANG_WARN_CONSTANT_CONVERSION = YES;
				CLANG_WARN_DIRECT_OBJC_ISA_USAGE = YES_ERROR;
				CLANG_WARN_DOCUMENTATION_COMMENTS = YES;
				CLANG_WARN_EMPTY_BODY = YES;
				CLANG_WARN_ENUM_CONVERSION = YES;
				CLANG_WARN_INFINITE_RECURSION = YES;
				CLANG_WARN_INT_CONVERSION = YES;
				CLANG_WARN_NON_LITERAL_NULL_CONVERSION = YES;
				CLANG_WARN_OBJC_LITERAL_CONVERSION = YES;
				CLANG_WARN_OBJC_ROOT_CLASS = YES_ERROR;
				CLANG_WARN_RANGE_LOOP_ANALYSIS = YES;
				CLANG_WARN_STRICT_PROTOTYPES = YES;
				CLANG_WARN_SUSPICIOUS_MOVE = YES;
				CLANG_WARN_UNGUARDED_AVAILABILITY = YES_AGGRESSIVE;
				CLANG_WARN_UNREACHABLE_CODE = YES;
				CLANG_WARN__DUPLICATE_METHOD_MATCH = YES;
				CODE_SIGN_IDENTITY = "Mac Developer";
				COPY_PHASE_STRIP = NO;
				DEBUG_INFORMATION_FORMAT = "dwarf-with-dsym";
				ENABLE_NS_ASSERTIONS = NO;
				ENABLE_STRICT_OBJC_MSGSEND = YES;
				GCC_C_LANGUAGE_STANDARD = gnu11;
				GCC_NO_COMMON_BLOCKS = YES;
				GCC_WARN_64_TO_32_BIT_CONVERSION = YES;
				GCC_WARN_ABOUT_RETURN_TYPE = YES_ERROR;
				GCC_WARN_UNDECLARED_SELECTOR = YES;
				GCC_WARN_UNINITIALIZED_AUTOS = YES_AGGRESSIVE;
				GCC_WARN_UNUSED_FUNCTION = YES;
				GCC_WARN_UNUSED_VARIABLE = YES;
				MACOSX_DEPLOYMENT_TARGET = 10.12;
				MTL_ENABLE_DEBUG_INFO = NO;
				SDKROOT = macosx;
				SWIFT_OPTIMIZATION_LEVEL = "-Owholemodule";
			};
			name = Release;
		};
		B9418A481F94AC90008737E3 /* Debug */ = {
			isa = XCBuildConfiguration;
			buildSettings = {
				CODE_SIGN_STYLE = Automatic;
				DEVELOPMENT_TEAM = V8A9QAD896;
				PRODUCT_NAME = "$(TARGET_NAME)";
				SWIFT_VERSION = 4.0;
			};
			name = Debug;
		};
		B9418A491F94AC90008737E3 /* Release */ = {
			isa = XCBuildConfiguration;
			buildSettings = {
				CODE_SIGN_STYLE = Automatic;
				DEVELOPMENT_TEAM = V8A9QAD896;
				PRODUCT_NAME = "$(TARGET_NAME)";
				SWIFT_VERSION = 4.0;
			};
			name = Release;
		};
/* End XCBuildConfiguration section */

/* Begin XCConfigurationList section */
		B9418A3B1F94AC90008737E3 /* Build configuration list for PBXProject "Fighter_game" */ = {
			isa = XCConfigurationList;
			buildConfigurations = (
				B9418A451F94AC90008737E3 /* Debug */,
				B9418A461F94AC90008737E3 /* Release */,
			);
			defaultConfigurationIsVisible = 0;
			defaultConfigurationName = Release;
		};
		B9418A471F94AC90008737E3 /* Build configuration list for PBXNativeTarget "Fighter_game" */ = {
			isa = XCConfigurationList;
			buildConfigurations = (
				B9418A481F94AC90008737E3 /* Debug */,
				B9418A491F94AC90008737E3 /* Release */,
			);
			defaultConfigurationIsVisible = 0;
			defaultConfigurationName = Release;
		};
/* End XCConfigurationList section */
	};
	rootObject = B9418A381F94AC90008737E3 /* Project object */;
}
